// !$*UTF8*$!
{
	archiveVersion = 1;
	classes = {
	};
	objectVersion = 46;
	objects = {

/* Begin PBXBuildFile section */
		526B80401EABD92200259970 /* RCTPdfPageViewManager.m in Sources */ = {isa = PBXBuildFile; fileRef = 526B803F1EABD92200259970 /* RCTPdfPageViewManager.m */; };
		52A324EA1FD3C3FB000B0B18 /* PdfManager.m in Sources */ = {isa = PBXBuildFile; fileRef = 52A324E91FD3C3FB000B0B18 /* PdfManager.m */; };
		52F79DB71EB2DA4F00CAD00C /* RCTPdfPageView.m in Sources */ = {isa = PBXBuildFile; fileRef = 52F79DB41EB2DA4F00CAD00C /* RCTPdfPageView.m */; };
		B6E009A12033CB1200666543 /* CGPDFDocument.m in Sources */ = {isa = PBXBuildFile; fileRef = B6E009652033CB1200666543 /* CGPDFDocument.m */; };
		B6E009A22033CB1200666543 /* ReaderConstants.m in Sources */ = {isa = PBXBuildFile; fileRef = B6E009672033CB1200666543 /* ReaderConstants.m */; };
		B6E009A32033CB1200666543 /* ReaderContentPage.m in Sources */ = {isa = PBXBuildFile; fileRef = B6E009692033CB1200666543 /* ReaderContentPage.m */; };
		B6E009A42033CB1200666543 /* ReaderContentTile.m in Sources */ = {isa = PBXBuildFile; fileRef = B6E0096B2033CB1200666543 /* ReaderContentTile.m */; };
		B6E009A52033CB1200666543 /* ReaderContentView.m in Sources */ = {isa = PBXBuildFile; fileRef = B6E0096D2033CB1200666543 /* ReaderContentView.m */; };
		B6E009A62033CB1200666543 /* ReaderDocument.m in Sources */ = {isa = PBXBuildFile; fileRef = B6E0096F2033CB1200666543 /* ReaderDocument.m */; };
		B6E009A72033CB1200666543 /* ReaderDocumentOutline.m in Sources */ = {isa = PBXBuildFile; fileRef = B6E009712033CB1200666543 /* ReaderDocumentOutline.m */; };
		B6E009A82033CB1200666543 /* ReaderMainPagebar.m in Sources */ = {isa = PBXBuildFile; fileRef = B6E009732033CB1200666543 /* ReaderMainPagebar.m */; };
		B6E009A92033CB1200666543 /* ReaderMainToolbar+SDVReaderMainToolbarPassThrough.m in Sources */ = {isa = PBXBuildFile; fileRef = B6E009752033CB1200666543 /* ReaderMainToolbar+SDVReaderMainToolbarPassThrough.m */; };
		B6E009AA2033CB1200666543 /* ReaderMainToolbar.m in Sources */ = {isa = PBXBuildFile; fileRef = B6E009772033CB1200666543 /* ReaderMainToolbar.m */; };
		B6E009AB2033CB1200666543 /* ReaderThumbCache.m in Sources */ = {isa = PBXBuildFile; fileRef = B6E009792033CB1200666543 /* ReaderThumbCache.m */; };
		B6E009AC2033CB1200666543 /* ReaderThumbFetch.m in Sources */ = {isa = PBXBuildFile; fileRef = B6E0097B2033CB1200666543 /* ReaderThumbFetch.m */; };
		B6E009AD2033CB1200666543 /* ReaderThumbQueue.m in Sources */ = {isa = PBXBuildFile; fileRef = B6E0097D2033CB1200666543 /* ReaderThumbQueue.m */; };
		B6E009AE2033CB1200666543 /* ReaderThumbRender.m in Sources */ = {isa = PBXBuildFile; fileRef = B6E0097F2033CB1200666543 /* ReaderThumbRender.m */; };
		B6E009AF2033CB1200666543 /* ReaderThumbRequest.m in Sources */ = {isa = PBXBuildFile; fileRef = B6E009812033CB1200666543 /* ReaderThumbRequest.m */; };
		B6E009B02033CB1200666543 /* ReaderThumbsView.m in Sources */ = {isa = PBXBuildFile; fileRef = B6E009832033CB1200666543 /* ReaderThumbsView.m */; };
		B6E009B12033CB1200666543 /* ReaderThumbView.m in Sources */ = {isa = PBXBuildFile; fileRef = B6E009852033CB1200666543 /* ReaderThumbView.m */; };
		B6E009B22033CB1200666543 /* ReaderViewController+SDVReaderViewControllerPassThrough.m in Sources */ = {isa = PBXBuildFile; fileRef = B6E009872033CB1200666543 /* ReaderViewController+SDVReaderViewControllerPassThrough.m */; };
		B6E009B32033CB1200666543 /* ReaderViewController.m in Sources */ = {isa = PBXBuildFile; fileRef = B6E009892033CB1200666543 /* ReaderViewController.m */; };
		B6E009B42033CB1200666543 /* SDVReaderContentViewDoublePage.m in Sources */ = {isa = PBXBuildFile; fileRef = B6E0098B2033CB1200666543 /* SDVReaderContentViewDoublePage.m */; };
		B6E009B52033CB1200666543 /* SDVReaderMainPagebar.m in Sources */ = {isa = PBXBuildFile; fileRef = B6E0098D2033CB1200666543 /* SDVReaderMainPagebar.m */; };
		B6E009B62033CB1200666543 /* SDVReaderMainToolbar.m in Sources */ = {isa = PBXBuildFile; fileRef = B6E0098F2033CB1200666543 /* SDVReaderMainToolbar.m */; };
		B6E009B72033CB1200666543 /* SDVReaderViewController.m in Sources */ = {isa = PBXBuildFile; fileRef = B6E009912033CB1200666543 /* SDVReaderViewController.m */; };
		B6E009B82033CB1200666543 /* SDVThumbsMainToolbar.m in Sources */ = {isa = PBXBuildFile; fileRef = B6E009932033CB1200666543 /* SDVThumbsMainToolbar.m */; };
		B6E009B92033CB1200666543 /* SDVThumbsViewController.m in Sources */ = {isa = PBXBuildFile; fileRef = B6E009952033CB1200666543 /* SDVThumbsViewController.m */; };
		B6E009BA2033CB1200666543 /* ThumbsMainToolbar+SDVThumbsMainToolbarPassThrough.m in Sources */ = {isa = PBXBuildFile; fileRef = B6E009982033CB1200666543 /* ThumbsMainToolbar+SDVThumbsMainToolbarPassThrough.m */; };
		B6E009BB2033CB1200666543 /* ThumbsMainToolbar.m in Sources */ = {isa = PBXBuildFile; fileRef = B6E0099A2033CB1200666543 /* ThumbsMainToolbar.m */; };
		B6E009BC2033CB1200666543 /* ThumbsViewController+SDVThumbsViewControllerPassThrough.m in Sources */ = {isa = PBXBuildFile; fileRef = B6E0099C2033CB1200666543 /* ThumbsViewController+SDVThumbsViewControllerPassThrough.m */; };
		B6E009BD2033CB1200666543 /* ThumbsViewController.m in Sources */ = {isa = PBXBuildFile; fileRef = B6E0099E2033CB1200666543 /* ThumbsViewController.m */; };
		B6E009BE2033CB1200666543 /* UIXToolbarView.m in Sources */ = {isa = PBXBuildFile; fileRef = B6E009A02033CB1200666543 /* UIXToolbarView.m */; };
/* End PBXBuildFile section */

/* Begin PBXCopyFilesBuildPhase section */
		20D8E03D1C8E946C00039823 /* CopyFiles */ = {
			isa = PBXCopyFilesBuildPhase;
			buildActionMask = 2147483647;
			dstPath = "include/$(PRODUCT_NAME)";
			dstSubfolderSpec = 16;
			files = (
			);
			runOnlyForDeploymentPostprocessing = 0;
		};
/* End PBXCopyFilesBuildPhase section */

/* Begin PBXFileReference section */
		20D8E03F1C8E946C00039823 /* libRCTPdf.a */ = {isa = PBXFileReference; explicitFileType = archive.ar; includeInIndex = 0; path = libRCTPdf.a; sourceTree = BUILT_PRODUCTS_DIR; };
		526B803E1EABD92200259970 /* RCTPdfPageViewManager.h */ = {isa = PBXFileReference; fileEncoding = 4; lastKnownFileType = sourcecode.c.h; path = RCTPdfPageViewManager.h; sourceTree = "<group>"; };
		526B803F1EABD92200259970 /* RCTPdfPageViewManager.m */ = {isa = PBXFileReference; fileEncoding = 4; lastKnownFileType = sourcecode.c.objc; path = RCTPdfPageViewManager.m; sourceTree = "<group>"; };
		52A324E81FD3C3FB000B0B18 /* PdfManager.h */ = {isa = PBXFileReference; fileEncoding = 4; lastKnownFileType = sourcecode.c.h; path = PdfManager.h; sourceTree = "<group>"; };
		52A324E91FD3C3FB000B0B18 /* PdfManager.m */ = {isa = PBXFileReference; fileEncoding = 4; lastKnownFileType = sourcecode.c.objc; path = PdfManager.m; sourceTree = "<group>"; };
		52F79DB31EB2DA4F00CAD00C /* RCTPdfPageView.h */ = {isa = PBXFileReference; fileEncoding = 4; lastKnownFileType = sourcecode.c.h; path = RCTPdfPageView.h; sourceTree = "<group>"; };
		52F79DB41EB2DA4F00CAD00C /* RCTPdfPageView.m */ = {isa = PBXFileReference; fileEncoding = 4; lastKnownFileType = sourcecode.c.objc; path = RCTPdfPageView.m; sourceTree = "<group>"; };
		B6E009642033CB1200666543 /* CGPDFDocument.h */ = {isa = PBXFileReference; fileEncoding = 4; lastKnownFileType = sourcecode.c.h; path = CGPDFDocument.h; sourceTree = "<group>"; };
		B6E009652033CB1200666543 /* CGPDFDocument.m */ = {isa = PBXFileReference; fileEncoding = 4; lastKnownFileType = sourcecode.c.objc; path = CGPDFDocument.m; sourceTree = "<group>"; };
		B6E009662033CB1200666543 /* ReaderConstants.h */ = {isa = PBXFileReference; fileEncoding = 4; lastKnownFileType = sourcecode.c.h; path = ReaderConstants.h; sourceTree = "<group>"; };
		B6E009672033CB1200666543 /* ReaderConstants.m */ = {isa = PBXFileReference; fileEncoding = 4; lastKnownFileType = sourcecode.c.objc; path = ReaderConstants.m; sourceTree = "<group>"; };
		B6E009682033CB1200666543 /* ReaderContentPage.h */ = {isa = PBXFileReference; fileEncoding = 4; lastKnownFileType = sourcecode.c.h; path = ReaderContentPage.h; sourceTree = "<group>"; };
		B6E009692033CB1200666543 /* ReaderContentPage.m */ = {isa = PBXFileReference; fileEncoding = 4; lastKnownFileType = sourcecode.c.objc; path = ReaderContentPage.m; sourceTree = "<group>"; };
		B6E0096A2033CB1200666543 /* ReaderContentTile.h */ = {isa = PBXFileReference; fileEncoding = 4; lastKnownFileType = sourcecode.c.h; path = ReaderContentTile.h; sourceTree = "<group>"; };
		B6E0096B2033CB1200666543 /* ReaderContentTile.m */ = {isa = PBXFileReference; fileEncoding = 4; lastKnownFileType = sourcecode.c.objc; path = ReaderContentTile.m; sourceTree = "<group>"; };
		B6E0096C2033CB1200666543 /* ReaderContentView.h */ = {isa = PBXFileReference; fileEncoding = 4; lastKnownFileType = sourcecode.c.h; path = ReaderContentView.h; sourceTree = "<group>"; };
		B6E0096D2033CB1200666543 /* ReaderContentView.m */ = {isa = PBXFileReference; fileEncoding = 4; lastKnownFileType = sourcecode.c.objc; path = ReaderContentView.m; sourceTree = "<group>"; };
		B6E0096E2033CB1200666543 /* ReaderDocument.h */ = {isa = PBXFileReference; fileEncoding = 4; lastKnownFileType = sourcecode.c.h; path = ReaderDocument.h; sourceTree = "<group>"; };
		B6E0096F2033CB1200666543 /* ReaderDocument.m */ = {isa = PBXFileReference; fileEncoding = 4; lastKnownFileType = sourcecode.c.objc; path = ReaderDocument.m; sourceTree = "<group>"; };
		B6E009702033CB1200666543 /* ReaderDocumentOutline.h */ = {isa = PBXFileReference; fileEncoding = 4; lastKnownFileType = sourcecode.c.h; path = ReaderDocumentOutline.h; sourceTree = "<group>"; };
		B6E009712033CB1200666543 /* ReaderDocumentOutline.m */ = {isa = PBXFileReference; fileEncoding = 4; lastKnownFileType = sourcecode.c.objc; path = ReaderDocumentOutline.m; sourceTree = "<group>"; };
		B6E009722033CB1200666543 /* ReaderMainPagebar.h */ = {isa = PBXFileReference; fileEncoding = 4; lastKnownFileType = sourcecode.c.h; path = ReaderMainPagebar.h; sourceTree = "<group>"; };
		B6E009732033CB1200666543 /* ReaderMainPagebar.m */ = {isa = PBXFileReference; fileEncoding = 4; lastKnownFileType = sourcecode.c.objc; path = ReaderMainPagebar.m; sourceTree = "<group>"; };
		B6E009742033CB1200666543 /* ReaderMainToolbar+SDVReaderMainToolbarPassThrough.h */ = {isa = PBXFileReference; fileEncoding = 4; lastKnownFileType = sourcecode.c.h; path = "ReaderMainToolbar+SDVReaderMainToolbarPassThrough.h"; sourceTree = "<group>"; };
		B6E009752033CB1200666543 /* ReaderMainToolbar+SDVReaderMainToolbarPassThrough.m */ = {isa = PBXFileReference; fileEncoding = 4; lastKnownFileType = sourcecode.c.objc; path = "ReaderMainToolbar+SDVReaderMainToolbarPassThrough.m"; sourceTree = "<group>"; };
		B6E009762033CB1200666543 /* ReaderMainToolbar.h */ = {isa = PBXFileReference; fileEncoding = 4; lastKnownFileType = sourcecode.c.h; path = ReaderMainToolbar.h; sourceTree = "<group>"; };
		B6E009772033CB1200666543 /* ReaderMainToolbar.m */ = {isa = PBXFileReference; fileEncoding = 4; lastKnownFileType = sourcecode.c.objc; path = ReaderMainToolbar.m; sourceTree = "<group>"; };
		B6E009782033CB1200666543 /* ReaderThumbCache.h */ = {isa = PBXFileReference; fileEncoding = 4; lastKnownFileType = sourcecode.c.h; path = ReaderThumbCache.h; sourceTree = "<group>"; };
		B6E009792033CB1200666543 /* ReaderThumbCache.m */ = {isa = PBXFileReference; fileEncoding = 4; lastKnownFileType = sourcecode.c.objc; path = ReaderThumbCache.m; sourceTree = "<group>"; };
		B6E0097A2033CB1200666543 /* ReaderThumbFetch.h */ = {isa = PBXFileReference; fileEncoding = 4; lastKnownFileType = sourcecode.c.h; path = ReaderThumbFetch.h; sourceTree = "<group>"; };
		B6E0097B2033CB1200666543 /* ReaderThumbFetch.m */ = {isa = PBXFileReference; fileEncoding = 4; lastKnownFileType = sourcecode.c.objc; path = ReaderThumbFetch.m; sourceTree = "<group>"; };
		B6E0097C2033CB1200666543 /* ReaderThumbQueue.h */ = {isa = PBXFileReference; fileEncoding = 4; lastKnownFileType = sourcecode.c.h; path = ReaderThumbQueue.h; sourceTree = "<group>"; };
		B6E0097D2033CB1200666543 /* ReaderThumbQueue.m */ = {isa = PBXFileReference; fileEncoding = 4; lastKnownFileType = sourcecode.c.objc; path = ReaderThumbQueue.m; sourceTree = "<group>"; };
		B6E0097E2033CB1200666543 /* ReaderThumbRender.h */ = {isa = PBXFileReference; fileEncoding = 4; lastKnownFileType = sourcecode.c.h; path = ReaderThumbRender.h; sourceTree = "<group>"; };
		B6E0097F2033CB1200666543 /* ReaderThumbRender.m */ = {isa = PBXFileReference; fileEncoding = 4; lastKnownFileType = sourcecode.c.objc; path = ReaderThumbRender.m; sourceTree = "<group>"; };
		B6E009802033CB1200666543 /* ReaderThumbRequest.h */ = {isa = PBXFileReference; fileEncoding = 4; lastKnownFileType = sourcecode.c.h; path = ReaderThumbRequest.h; sourceTree = "<group>"; };
		B6E009812033CB1200666543 /* ReaderThumbRequest.m */ = {isa = PBXFileReference; fileEncoding = 4; lastKnownFileType = sourcecode.c.objc; path = ReaderThumbRequest.m; sourceTree = "<group>"; };
		B6E009822033CB1200666543 /* ReaderThumbsView.h */ = {isa = PBXFileReference; fileEncoding = 4; lastKnownFileType = sourcecode.c.h; path = ReaderThumbsView.h; sourceTree = "<group>"; };
		B6E009832033CB1200666543 /* ReaderThumbsView.m */ = {isa = PBXFileReference; fileEncoding = 4; lastKnownFileType = sourcecode.c.objc; path = ReaderThumbsView.m; sourceTree = "<group>"; };
		B6E009842033CB1200666543 /* ReaderThumbView.h */ = {isa = PBXFileReference; fileEncoding = 4; lastKnownFileType = sourcecode.c.h; path = ReaderThumbView.h; sourceTree = "<group>"; };
		B6E009852033CB1200666543 /* ReaderThumbView.m */ = {isa = PBXFileReference; fileEncoding = 4; lastKnownFileType = sourcecode.c.objc; path = ReaderThumbView.m; sourceTree = "<group>"; };
		B6E009862033CB1200666543 /* ReaderViewController+SDVReaderViewControllerPassThrough.h */ = {isa = PBXFileReference; fileEncoding = 4; lastKnownFileType = sourcecode.c.h; path = "ReaderViewController+SDVReaderViewControllerPassThrough.h"; sourceTree = "<group>"; };
		B6E009872033CB1200666543 /* ReaderViewController+SDVReaderViewControllerPassThrough.m */ = {isa = PBXFileReference; fileEncoding = 4; lastKnownFileType = sourcecode.c.objc; path = "ReaderViewController+SDVReaderViewControllerPassThrough.m"; sourceTree = "<group>"; };
		B6E009882033CB1200666543 /* ReaderViewController.h */ = {isa = PBXFileReference; fileEncoding = 4; lastKnownFileType = sourcecode.c.h; path = ReaderViewController.h; sourceTree = "<group>"; };
		B6E009892033CB1200666543 /* ReaderViewController.m */ = {isa = PBXFileReference; fileEncoding = 4; lastKnownFileType = sourcecode.c.objc; path = ReaderViewController.m; sourceTree = "<group>"; };
		B6E0098A2033CB1200666543 /* SDVReaderContentViewDoublePage.h */ = {isa = PBXFileReference; fileEncoding = 4; lastKnownFileType = sourcecode.c.h; path = SDVReaderContentViewDoublePage.h; sourceTree = "<group>"; };
		B6E0098B2033CB1200666543 /* SDVReaderContentViewDoublePage.m */ = {isa = PBXFileReference; fileEncoding = 4; lastKnownFileType = sourcecode.c.objc; path = SDVReaderContentViewDoublePage.m; sourceTree = "<group>"; };
		B6E0098C2033CB1200666543 /* SDVReaderMainPagebar.h */ = {isa = PBXFileReference; fileEncoding = 4; lastKnownFileType = sourcecode.c.h; path = SDVReaderMainPagebar.h; sourceTree = "<group>"; };
		B6E0098D2033CB1200666543 /* SDVReaderMainPagebar.m */ = {isa = PBXFileReference; fileEncoding = 4; lastKnownFileType = sourcecode.c.objc; path = SDVReaderMainPagebar.m; sourceTree = "<group>"; };
		B6E0098E2033CB1200666543 /* SDVReaderMainToolbar.h */ = {isa = PBXFileReference; fileEncoding = 4; lastKnownFileType = sourcecode.c.h; path = SDVReaderMainToolbar.h; sourceTree = "<group>"; };
		B6E0098F2033CB1200666543 /* SDVReaderMainToolbar.m */ = {isa = PBXFileReference; fileEncoding = 4; lastKnownFileType = sourcecode.c.objc; path = SDVReaderMainToolbar.m; sourceTree = "<group>"; };
		B6E009902033CB1200666543 /* SDVReaderViewController.h */ = {isa = PBXFileReference; fileEncoding = 4; lastKnownFileType = sourcecode.c.h; path = SDVReaderViewController.h; sourceTree = "<group>"; };
		B6E009912033CB1200666543 /* SDVReaderViewController.m */ = {isa = PBXFileReference; fileEncoding = 4; lastKnownFileType = sourcecode.c.objc; path = SDVReaderViewController.m; sourceTree = "<group>"; };
		B6E009922033CB1200666543 /* SDVThumbsMainToolbar.h */ = {isa = PBXFileReference; fileEncoding = 4; lastKnownFileType = sourcecode.c.h; path = SDVThumbsMainToolbar.h; sourceTree = "<group>"; };
		B6E009932033CB1200666543 /* SDVThumbsMainToolbar.m */ = {isa = PBXFileReference; fileEncoding = 4; lastKnownFileType = sourcecode.c.objc; path = SDVThumbsMainToolbar.m; sourceTree = "<group>"; };
		B6E009942033CB1200666543 /* SDVThumbsViewController.h */ = {isa = PBXFileReference; fileEncoding = 4; lastKnownFileType = sourcecode.c.h; path = SDVThumbsViewController.h; sourceTree = "<group>"; };
		B6E009952033CB1200666543 /* SDVThumbsViewController.m */ = {isa = PBXFileReference; fileEncoding = 4; lastKnownFileType = sourcecode.c.objc; path = SDVThumbsViewController.m; sourceTree = "<group>"; };
		B6E009972033CB1200666543 /* ThumbsMainToolbar+SDVThumbsMainToolbarPassThrough.h */ = {isa = PBXFileReference; fileEncoding = 4; lastKnownFileType = sourcecode.c.h; path = "ThumbsMainToolbar+SDVThumbsMainToolbarPassThrough.h"; sourceTree = "<group>"; };
		B6E009982033CB1200666543 /* ThumbsMainToolbar+SDVThumbsMainToolbarPassThrough.m */ = {isa = PBXFileReference; fileEncoding = 4; lastKnownFileType = sourcecode.c.objc; path = "ThumbsMainToolbar+SDVThumbsMainToolbarPassThrough.m"; sourceTree = "<group>"; };
		B6E009992033CB1200666543 /* ThumbsMainToolbar.h */ = {isa = PBXFileReference; fileEncoding = 4; lastKnownFileType = sourcecode.c.h; path = ThumbsMainToolbar.h; sourceTree = "<group>"; };
		B6E0099A2033CB1200666543 /* ThumbsMainToolbar.m */ = {isa = PBXFileReference; fileEncoding = 4; lastKnownFileType = sourcecode.c.objc; path = ThumbsMainToolbar.m; sourceTree = "<group>"; };
		B6E0099B2033CB1200666543 /* ThumbsViewController+SDVThumbsViewControllerPassThrough.h */ = {isa = PBXFileReference; fileEncoding = 4; lastKnownFileType = sourcecode.c.h; path = "ThumbsViewController+SDVThumbsViewControllerPassThrough.h"; sourceTree = "<group>"; };
		B6E0099C2033CB1200666543 /* ThumbsViewController+SDVThumbsViewControllerPassThrough.m */ = {isa = PBXFileReference; fileEncoding = 4; lastKnownFileType = sourcecode.c.objc; path = "ThumbsViewController+SDVThumbsViewControllerPassThrough.m"; sourceTree = "<group>"; };
		B6E0099D2033CB1200666543 /* ThumbsViewController.h */ = {isa = PBXFileReference; fileEncoding = 4; lastKnownFileType = sourcecode.c.h; path = ThumbsViewController.h; sourceTree = "<group>"; };
		B6E0099E2033CB1200666543 /* ThumbsViewController.m */ = {isa = PBXFileReference; fileEncoding = 4; lastKnownFileType = sourcecode.c.objc; path = ThumbsViewController.m; sourceTree = "<group>"; };
		B6E0099F2033CB1200666543 /* UIXToolbarView.h */ = {isa = PBXFileReference; fileEncoding = 4; lastKnownFileType = sourcecode.c.h; path = UIXToolbarView.h; sourceTree = "<group>"; };
		B6E009A02033CB1200666543 /* UIXToolbarView.m */ = {isa = PBXFileReference; fileEncoding = 4; lastKnownFileType = sourcecode.c.objc; path = UIXToolbarView.m; sourceTree = "<group>"; };
/* End PBXFileReference section */

/* Begin PBXFrameworksBuildPhase section */
		20D8E03C1C8E946C00039823 /* Frameworks */ = {
			isa = PBXFrameworksBuildPhase;
			buildActionMask = 2147483647;
			files = (
			);
			runOnlyForDeploymentPostprocessing = 0;
		};
/* End PBXFrameworksBuildPhase section */

/* Begin PBXGroup section */
		20D8E0361C8E946C00039823 = {
			isa = PBXGroup;
			children = (
				20D8E0411C8E946C00039823 /* RCTPdf */,
				20D8E0401C8E946C00039823 /* Products */,
			);
			sourceTree = "<group>";
		};
		20D8E0401C8E946C00039823 /* Products */ = {
			isa = PBXGroup;
			children = (
				20D8E03F1C8E946C00039823 /* libRCTPdf.a */,
			);
			name = Products;
			sourceTree = "<group>";
		};
		20D8E0411C8E946C00039823 /* RCTPdf */ = {
			isa = PBXGroup;
			children = (
				B6E009632033CB1200666543 /* vfr */,
				52A324E81FD3C3FB000B0B18 /* PdfManager.h */,
				52A324E91FD3C3FB000B0B18 /* PdfManager.m */,
				52F79DB31EB2DA4F00CAD00C /* RCTPdfPageView.h */,
				52F79DB41EB2DA4F00CAD00C /* RCTPdfPageView.m */,
				526B803E1EABD92200259970 /* RCTPdfPageViewManager.h */,
				526B803F1EABD92200259970 /* RCTPdfPageViewManager.m */,
			);
			path = RCTPdf;
			sourceTree = "<group>";
		};
		B6E009632033CB1200666543 /* vfr */ = {
			isa = PBXGroup;
			children = (
				B6E009642033CB1200666543 /* CGPDFDocument.h */,
				B6E009652033CB1200666543 /* CGPDFDocument.m */,
				B6E009662033CB1200666543 /* ReaderConstants.h */,
				B6E009672033CB1200666543 /* ReaderConstants.m */,
				B6E009682033CB1200666543 /* ReaderContentPage.h */,
				B6E009692033CB1200666543 /* ReaderContentPage.m */,
				B6E0096A2033CB1200666543 /* ReaderContentTile.h */,
				B6E0096B2033CB1200666543 /* ReaderContentTile.m */,
				B6E0096C2033CB1200666543 /* ReaderContentView.h */,
				B6E0096D2033CB1200666543 /* ReaderContentView.m */,
				B6E0096E2033CB1200666543 /* ReaderDocument.h */,
				B6E0096F2033CB1200666543 /* ReaderDocument.m */,
				B6E009702033CB1200666543 /* ReaderDocumentOutline.h */,
				B6E009712033CB1200666543 /* ReaderDocumentOutline.m */,
				B6E009722033CB1200666543 /* ReaderMainPagebar.h */,
				B6E009732033CB1200666543 /* ReaderMainPagebar.m */,
				B6E009742033CB1200666543 /* ReaderMainToolbar+SDVReaderMainToolbarPassThrough.h */,
				B6E009752033CB1200666543 /* ReaderMainToolbar+SDVReaderMainToolbarPassThrough.m */,
				B6E009762033CB1200666543 /* ReaderMainToolbar.h */,
				B6E009772033CB1200666543 /* ReaderMainToolbar.m */,
				B6E009782033CB1200666543 /* ReaderThumbCache.h */,
				B6E009792033CB1200666543 /* ReaderThumbCache.m */,
				B6E0097A2033CB1200666543 /* ReaderThumbFetch.h */,
				B6E0097B2033CB1200666543 /* ReaderThumbFetch.m */,
				B6E0097C2033CB1200666543 /* ReaderThumbQueue.h */,
				B6E0097D2033CB1200666543 /* ReaderThumbQueue.m */,
				B6E0097E2033CB1200666543 /* ReaderThumbRender.h */,
				B6E0097F2033CB1200666543 /* ReaderThumbRender.m */,
				B6E009802033CB1200666543 /* ReaderThumbRequest.h */,
				B6E009812033CB1200666543 /* ReaderThumbRequest.m */,
				B6E009822033CB1200666543 /* ReaderThumbsView.h */,
				B6E009832033CB1200666543 /* ReaderThumbsView.m */,
				B6E009842033CB1200666543 /* ReaderThumbView.h */,
				B6E009852033CB1200666543 /* ReaderThumbView.m */,
				B6E009862033CB1200666543 /* ReaderViewController+SDVReaderViewControllerPassThrough.h */,
				B6E009872033CB1200666543 /* ReaderViewController+SDVReaderViewControllerPassThrough.m */,
				B6E009882033CB1200666543 /* ReaderViewController.h */,
				B6E009892033CB1200666543 /* ReaderViewController.m */,
				B6E0098A2033CB1200666543 /* SDVReaderContentViewDoublePage.h */,
				B6E0098B2033CB1200666543 /* SDVReaderContentViewDoublePage.m */,
				B6E0098C2033CB1200666543 /* SDVReaderMainPagebar.h */,
				B6E0098D2033CB1200666543 /* SDVReaderMainPagebar.m */,
				B6E0098E2033CB1200666543 /* SDVReaderMainToolbar.h */,
				B6E0098F2033CB1200666543 /* SDVReaderMainToolbar.m */,
				B6E009902033CB1200666543 /* SDVReaderViewController.h */,
				B6E009912033CB1200666543 /* SDVReaderViewController.m */,
				B6E009922033CB1200666543 /* SDVThumbsMainToolbar.h */,
				B6E009932033CB1200666543 /* SDVThumbsMainToolbar.m */,
				B6E009942033CB1200666543 /* SDVThumbsViewController.h */,
				B6E009952033CB1200666543 /* SDVThumbsViewController.m */,
				B6E009962033CB1200666543 /* sitewaerts */,
				B6E009972033CB1200666543 /* ThumbsMainToolbar+SDVThumbsMainToolbarPassThrough.h */,
				B6E009982033CB1200666543 /* ThumbsMainToolbar+SDVThumbsMainToolbarPassThrough.m */,
				B6E009992033CB1200666543 /* ThumbsMainToolbar.h */,
				B6E0099A2033CB1200666543 /* ThumbsMainToolbar.m */,
				B6E0099B2033CB1200666543 /* ThumbsViewController+SDVThumbsViewControllerPassThrough.h */,
				B6E0099C2033CB1200666543 /* ThumbsViewController+SDVThumbsViewControllerPassThrough.m */,
				B6E0099D2033CB1200666543 /* ThumbsViewController.h */,
				B6E0099E2033CB1200666543 /* ThumbsViewController.m */,
				B6E0099F2033CB1200666543 /* UIXToolbarView.h */,
				B6E009A02033CB1200666543 /* UIXToolbarView.m */,
			);
			path = vfr;
			sourceTree = "<group>";
		};
		B6E009962033CB1200666543 /* sitewaerts */ = {
			isa = PBXGroup;
			children = (
			);
			path = sitewaerts;
			sourceTree = "<group>";
		};
/* End PBXGroup section */

/* Begin PBXNativeTarget section */
		20D8E03E1C8E946C00039823 /* RCTPdf */ = {
			isa = PBXNativeTarget;
			buildConfigurationList = 20D8E0481C8E946C00039823 /* Build configuration list for PBXNativeTarget "RCTPdf" */;
			buildPhases = (
				20D8E03B1C8E946C00039823 /* Sources */,
				20D8E03C1C8E946C00039823 /* Frameworks */,
				20D8E03D1C8E946C00039823 /* CopyFiles */,
			);
			buildRules = (
			);
			dependencies = (
			);
			name = RCTPdf;
			productName = RCTPdf;
			productReference = 20D8E03F1C8E946C00039823 /* libRCTPdf.a */;
			productType = "com.apple.product-type.library.static";
		};
/* End PBXNativeTarget section */

/* Begin PBXProject section */
		20D8E0371C8E946C00039823 /* Project object */ = {
			isa = PBXProject;
			attributes = {
				LastUpgradeCheck = 0900;
				ORGANIZATIONNAME = wonday.org;
				TargetAttributes = {
					20D8E03E1C8E946C00039823 = {
						CreatedOnToolsVersion = 7.2.1;
						DevelopmentTeam = M8UXLTC426;
					};
				};
			};
			buildConfigurationList = 20D8E03A1C8E946C00039823 /* Build configuration list for PBXProject "RCTPdf" */;
			compatibilityVersion = "Xcode 3.2";
			developmentRegion = English;
			hasScannedForEncodings = 0;
			knownRegions = (
				en,
			);
			mainGroup = 20D8E0361C8E946C00039823;
			productRefGroup = 20D8E0401C8E946C00039823 /* Products */;
			projectDirPath = "";
			projectRoot = "";
			targets = (
				20D8E03E1C8E946C00039823 /* RCTPdf */,
			);
		};
/* End PBXProject section */

/* Begin PBXSourcesBuildPhase section */
		20D8E03B1C8E946C00039823 /* Sources */ = {
			isa = PBXSourcesBuildPhase;
			buildActionMask = 2147483647;
			files = (
				B6E009B52033CB1200666543 /* SDVReaderMainPagebar.m in Sources */,
				B6E009BB2033CB1200666543 /* ThumbsMainToolbar.m in Sources */,
				B6E009BE2033CB1200666543 /* UIXToolbarView.m in Sources */,
				B6E009BA2033CB1200666543 /* ThumbsMainToolbar+SDVThumbsMainToolbarPassThrough.m in Sources */,
				B6E009BD2033CB1200666543 /* ThumbsViewController.m in Sources */,
				B6E009AC2033CB1200666543 /* ReaderThumbFetch.m in Sources */,
				B6E009B22033CB1200666543 /* ReaderViewController+SDVReaderViewControllerPassThrough.m in Sources */,
				B6E009B92033CB1200666543 /* SDVThumbsViewController.m in Sources */,
				B6E009AB2033CB1200666543 /* ReaderThumbCache.m in Sources */,
				B6E009A72033CB1200666543 /* ReaderDocumentOutline.m in Sources */,
				B6E009B62033CB1200666543 /* SDVReaderMainToolbar.m in Sources */,
				B6E009AF2033CB1200666543 /* ReaderThumbRequest.m in Sources */,
				52A324EA1FD3C3FB000B0B18 /* PdfManager.m in Sources */,
				B6E009AE2033CB1200666543 /* ReaderThumbRender.m in Sources */,
				B6E009B12033CB1200666543 /* ReaderThumbView.m in Sources */,
				B6E009A42033CB1200666543 /* ReaderContentTile.m in Sources */,
				B6E009AD2033CB1200666543 /* ReaderThumbQueue.m in Sources */,
				B6E009A62033CB1200666543 /* ReaderDocument.m in Sources */,
				B6E009A92033CB1200666543 /* ReaderMainToolbar+SDVReaderMainToolbarPassThrough.m in Sources */,
				B6E009AA2033CB1200666543 /* ReaderMainToolbar.m in Sources */,
				B6E009BC2033CB1200666543 /* ThumbsViewController+SDVThumbsViewControllerPassThrough.m in Sources */,
				B6E009B32033CB1200666543 /* ReaderViewController.m in Sources */,
				B6E009A32033CB1200666543 /* ReaderContentPage.m in Sources */,
				B6E009A82033CB1200666543 /* ReaderMainPagebar.m in Sources */,
				B6E009B42033CB1200666543 /* SDVReaderContentViewDoublePage.m in Sources */,
				B6E009A12033CB1200666543 /* CGPDFDocument.m in Sources */,
				B6E009A22033CB1200666543 /* ReaderConstants.m in Sources */,
				B6E009B82033CB1200666543 /* SDVThumbsMainToolbar.m in Sources */,
				B6E009B72033CB1200666543 /* SDVReaderViewController.m in Sources */,
				B6E009B02033CB1200666543 /* ReaderThumbsView.m in Sources */,
				526B80401EABD92200259970 /* RCTPdfPageViewManager.m in Sources */,
				52F79DB71EB2DA4F00CAD00C /* RCTPdfPageView.m in Sources */,
				B6E009A52033CB1200666543 /* ReaderContentView.m in Sources */,
			);
			runOnlyForDeploymentPostprocessing = 0;
		};
/* End PBXSourcesBuildPhase section */

/* Begin XCBuildConfiguration section */
		20D8E0461C8E946C00039823 /* Debug */ = {
			isa = XCBuildConfiguration;
			buildSettings = {
				ALWAYS_SEARCH_USER_PATHS = NO;
				CLANG_CXX_LANGUAGE_STANDARD = "gnu++0x";
				CLANG_CXX_LIBRARY = "libc++";
				CLANG_ENABLE_MODULES = YES;
				CLANG_ENABLE_OBJC_ARC = YES;
				CLANG_WARN_BLOCK_CAPTURE_AUTORELEASING = YES;
				CLANG_WARN_BOOL_CONVERSION = YES;
				CLANG_WARN_COMMA = YES;
				CLANG_WARN_CONSTANT_CONVERSION = YES;
				CLANG_WARN_DIRECT_OBJC_ISA_USAGE = YES_ERROR;
				CLANG_WARN_EMPTY_BODY = YES;
				CLANG_WARN_ENUM_CONVERSION = YES;
				CLANG_WARN_INFINITE_RECURSION = YES;
				CLANG_WARN_INT_CONVERSION = YES;
				CLANG_WARN_NON_LITERAL_NULL_CONVERSION = YES;
				CLANG_WARN_OBJC_LITERAL_CONVERSION = YES;
				CLANG_WARN_OBJC_ROOT_CLASS = YES_ERROR;
				CLANG_WARN_RANGE_LOOP_ANALYSIS = YES;
				CLANG_WARN_STRICT_PROTOTYPES = YES;
				CLANG_WARN_SUSPICIOUS_MOVE = YES;
				CLANG_WARN_UNREACHABLE_CODE = YES;
				CLANG_WARN__DUPLICATE_METHOD_MATCH = YES;
				"CODE_SIGN_IDENTITY[sdk=iphoneos*]" = "iPhone Developer";
				COPY_PHASE_STRIP = NO;
				DEBUG_INFORMATION_FORMAT = dwarf;
				ENABLE_STRICT_OBJC_MSGSEND = YES;
				ENABLE_TESTABILITY = YES;
				GCC_C_LANGUAGE_STANDARD = gnu99;
				GCC_DYNAMIC_NO_PIC = NO;
				GCC_NO_COMMON_BLOCKS = YES;
				GCC_OPTIMIZATION_LEVEL = 0;
				GCC_PREPROCESSOR_DEFINITIONS = (
					"DEBUG=1",
					"$(inherited)",
				);
				GCC_WARN_64_TO_32_BIT_CONVERSION = YES;
				GCC_WARN_ABOUT_RETURN_TYPE = YES_ERROR;
				GCC_WARN_UNDECLARED_SELECTOR = YES;
				GCC_WARN_UNINITIALIZED_AUTOS = YES_AGGRESSIVE;
				GCC_WARN_UNUSED_FUNCTION = YES;
				GCC_WARN_UNUSED_VARIABLE = YES;
				IPHONEOS_DEPLOYMENT_TARGET = 8.0;
				MTL_ENABLE_DEBUG_INFO = YES;
				ONLY_ACTIVE_ARCH = YES;
				SDKROOT = iphoneos;
			};
			name = Debug;
		};
		20D8E0471C8E946C00039823 /* Release */ = {
			isa = XCBuildConfiguration;
			buildSettings = {
				ALWAYS_SEARCH_USER_PATHS = NO;
				CLANG_CXX_LANGUAGE_STANDARD = "gnu++0x";
				CLANG_CXX_LIBRARY = "libc++";
				CLANG_ENABLE_MODULES = YES;
				CLANG_ENABLE_OBJC_ARC = YES;
				CLANG_WARN_BLOCK_CAPTURE_AUTORELEASING = YES;
				CLANG_WARN_BOOL_CONVERSION = YES;
				CLANG_WARN_COMMA = YES;
				CLANG_WARN_CONSTANT_CONVERSION = YES;
				CLANG_WARN_DIRECT_OBJC_ISA_USAGE = YES_ERROR;
				CLANG_WARN_EMPTY_BODY = YES;
				CLANG_WARN_ENUM_CONVERSION = YES;
				CLANG_WARN_INFINITE_RECURSION = YES;
				CLANG_WARN_INT_CONVERSION = YES;
				CLANG_WARN_NON_LITERAL_NULL_CONVERSION = YES;
				CLANG_WARN_OBJC_LITERAL_CONVERSION = YES;
				CLANG_WARN_OBJC_ROOT_CLASS = YES_ERROR;
				CLANG_WARN_RANGE_LOOP_ANALYSIS = YES;
				CLANG_WARN_STRICT_PROTOTYPES = YES;
				CLANG_WARN_SUSPICIOUS_MOVE = YES;
				CLANG_WARN_UNREACHABLE_CODE = YES;
				CLANG_WARN__DUPLICATE_METHOD_MATCH = YES;
				"CODE_SIGN_IDENTITY[sdk=iphoneos*]" = "iPhone Developer";
				COPY_PHASE_STRIP = NO;
				DEBUG_INFORMATION_FORMAT = "dwarf-with-dsym";
				ENABLE_NS_ASSERTIONS = NO;
				ENABLE_STRICT_OBJC_MSGSEND = YES;
				GCC_C_LANGUAGE_STANDARD = gnu99;
				GCC_NO_COMMON_BLOCKS = YES;
				GCC_WARN_64_TO_32_BIT_CONVERSION = YES;
				GCC_WARN_ABOUT_RETURN_TYPE = YES_ERROR;
				GCC_WARN_UNDECLARED_SELECTOR = YES;
				GCC_WARN_UNINITIALIZED_AUTOS = YES_AGGRESSIVE;
				GCC_WARN_UNUSED_FUNCTION = YES;
				GCC_WARN_UNUSED_VARIABLE = YES;
				IPHONEOS_DEPLOYMENT_TARGET = 8.0;
				MTL_ENABLE_DEBUG_INFO = NO;
				SDKROOT = iphoneos;
				VALIDATE_PRODUCT = YES;
			};
			name = Release;
		};
		20D8E0491C8E946C00039823 /* Debug */ = {
			isa = XCBuildConfiguration;
			buildSettings = {
				HEADER_SEARCH_PATHS = (
					"$(inherited)",
					/Applications/Xcode.app/Contents/Developer/Toolchains/XcodeDefault.xctoolchain/usr/include,
					"$(SRCROOT)/../node_modules/react-native/React/**",
					"$(SRCROOT)/../../React/**",
					"$(SRCROOT)/../../react-native/React/**",
					"$(SRCROOT)/../../node_modules/react-native/React/**",
					"$(SRCROOT)/../../ios",
				);
				OTHER_LDFLAGS = "-ObjC";
				PRODUCT_NAME = "$(TARGET_NAME)";
				SKIP_INSTALL = YES;
			};
			name = Debug;
		};
		20D8E04A1C8E946C00039823 /* Release */ = {
			isa = XCBuildConfiguration;
			buildSettings = {
				HEADER_SEARCH_PATHS = (
					"$(inherited)",
					/Applications/Xcode.app/Contents/Developer/Toolchains/XcodeDefault.xctoolchain/usr/include,
					"$(SRCROOT)/../node_modules/react-native/React/**",
					"$(SRCROOT)/../../React/**",
					"$(SRCROOT)/../../react-native/React/**",
					"$(SRCROOT)/../../node_modules/react-native/React/**",
					"$(SRCROOT)/../../ios",
				);
				OTHER_LDFLAGS = "-ObjC";
				PRODUCT_NAME = "$(TARGET_NAME)";
				SKIP_INSTALL = YES;
			};
			name = Release;
		};
/* End XCBuildConfiguration section */

/* Begin XCConfigurationList section */
		20D8E03A1C8E946C00039823 /* Build configuration list for PBXProject "RCTPdf" */ = {
			isa = XCConfigurationList;
			buildConfigurations = (
				20D8E0461C8E946C00039823 /* Debug */,
				20D8E0471C8E946C00039823 /* Release */,
			);
			defaultConfigurationIsVisible = 0;
			defaultConfigurationName = Release;
		};
		20D8E0481C8E946C00039823 /* Build configuration list for PBXNativeTarget "RCTPdf" */ = {
			isa = XCConfigurationList;
			buildConfigurations = (
				20D8E0491C8E946C00039823 /* Debug */,
				20D8E04A1C8E946C00039823 /* Release */,
			);
			defaultConfigurationIsVisible = 0;
			defaultConfigurationName = Release;
		};
/* End XCConfigurationList section */
	};
	rootObject = 20D8E0371C8E946C00039823 /* Project object */;
}
